
Microsoft Visual Studio Solution File, Format Version 12.00
# Visual Studio Version 16
VisualStudioVersion = 16.0.29728.190
MinimumVisualStudioVersion = 15.0.26124.0
Project("{FAE04EC0-301F-11D3-BF4B-00C04F79EFBC}") = "TesteEmissaoView", "TesteEmissaoView\TesteEmissaoView.csproj", "{1C307138-94B1-4A11-A575-DADFD950B0F6}"
EndProject
Project("{9A19103F-16F7-4668-BE54-9A1E7A4F7556}") = "TesteEmissaoData", "TesteEmissaoData\TesteEmissaoData.csproj", "{D5CA4C5D-D921-407B-8CAE-5A1FBF2D8729}"
EndProject
Project("{FAE04EC0-301F-11D3-BF4B-00C04F79EFBC}") = "TesteEmissaoApi", "TesteEmissaoApi\TesteEmissaoApi.csproj", "{056FCE0E-B688-4F29-9BEF-FF4E3C16362D}"
EndProject
Global
	GlobalSection(SolutionConfigurationPlatforms) = preSolution
		Debug|Any CPU = Debug|Any CPU
		Debug|x64 = Debug|x64
		Debug|x86 = Debug|x86
		Release|Any CPU = Release|Any CPU
		Release|x64 = Release|x64
		Release|x86 = Release|x86
	EndGlobalSection
	GlobalSection(ProjectConfigurationPlatforms) = postSolution
		{1C307138-94B1-4A11-A575-DADFD950B0F6}.Debug|Any CPU.ActiveCfg = Debug|Any CPU
		{1C307138-94B1-4A11-A575-DADFD950B0F6}.Debug|Any CPU.Build.0 = Debug|Any CPU
		{1C307138-94B1-4A11-A575-DADFD950B0F6}.Debug|x64.ActiveCfg = Debug|Any CPU
		{1C307138-94B1-4A11-A575-DADFD950B0F6}.Debug|x64.Build.0 = Debug|Any CPU
		{1C307138-94B1-4A11-A575-DADFD950B0F6}.Debug|x86.ActiveCfg = Debug|Any CPU
		{1C307138-94B1-4A11-A575-DADFD950B0F6}.Debug|x86.Build.0 = Debug|Any CPU
		{1C307138-94B1-4A11-A575-DADFD950B0F6}.Release|Any CPU.ActiveCfg = Release|Any CPU
		{1C307138-94B1-4A11-A575-DADFD950B0F6}.Release|Any CPU.Build.0 = Release|Any CPU
		{1C307138-94B1-4A11-A575-DADFD950B0F6}.Release|x64.ActiveCfg = Release|Any CPU
		{1C307138-94B1-4A11-A575-DADFD950B0F6}.Release|x64.Build.0 = Release|Any CPU
		{1C307138-94B1-4A11-A575-DADFD950B0F6}.Release|x86.ActiveCfg = Release|Any CPU
		{1C307138-94B1-4A11-A575-DADFD950B0F6}.Release|x86.Build.0 = Release|Any CPU
		{D5CA4C5D-D921-407B-8CAE-5A1FBF2D8729}.Debug|Any CPU.ActiveCfg = Debug|Any CPU
		{D5CA4C5D-D921-407B-8CAE-5A1FBF2D8729}.Debug|Any CPU.Build.0 = Debug|Any CPU
		{D5CA4C5D-D921-407B-8CAE-5A1FBF2D8729}.Debug|x64.ActiveCfg = Debug|Any CPU
		{D5CA4C5D-D921-407B-8CAE-5A1FBF2D8729}.Debug|x64.Build.0 = Debug|Any CPU
		{D5CA4C5D-D921-407B-8CAE-5A1FBF2D8729}.Debug|x86.ActiveCfg = Debug|Any CPU
		{D5CA4C5D-D921-407B-8CAE-5A1FBF2D8729}.Debug|x86.Build.0 = Debug|Any CPU
		{D5CA4C5D-D921-407B-8CAE-5A1FBF2D8729}.Release|Any CPU.ActiveCfg = Release|Any CPU
		{D5CA4C5D-D921-407B-8CAE-5A1FBF2D8729}.Release|Any CPU.Build.0 = Release|Any CPU
		{D5CA4C5D-D921-407B-8CAE-5A1FBF2D8729}.Release|x64.ActiveCfg = Release|Any CPU
		{D5CA4C5D-D921-407B-8CAE-5A1FBF2D8729}.Release|x64.Build.0 = Release|Any CPU
		{D5CA4C5D-D921-407B-8CAE-5A1FBF2D8729}.Release|x86.ActiveCfg = Release|Any CPU
		{D5CA4C5D-D921-407B-8CAE-5A1FBF2D8729}.Release|x86.Build.0 = Release|Any CPU
		{056FCE0E-B688-4F29-9BEF-FF4E3C16362D}.Debug|Any CPU.ActiveCfg = Debug|Any CPU
		{056FCE0E-B688-4F29-9BEF-FF4E3C16362D}.Debug|Any CPU.Build.0 = Debug|Any CPU
		{056FCE0E-B688-4F29-9BEF-FF4E3C16362D}.Debug|x64.ActiveCfg = Debug|Any CPU
		{056FCE0E-B688-4F29-9BEF-FF4E3C16362D}.Debug|x64.Build.0 = Debug|Any CPU
		{056FCE0E-B688-4F29-9BEF-FF4E3C16362D}.Debug|x86.ActiveCfg = Debug|Any CPU
		{056FCE0E-B688-4F29-9BEF-FF4E3C16362D}.Debug|x86.Build.0 = Debug|Any CPU
		{056FCE0E-B688-4F29-9BEF-FF4E3C16362D}.Release|Any CPU.ActiveCfg = Release|Any CPU
		{056FCE0E-B688-4F29-9BEF-FF4E3C16362D}.Release|Any CPU.Build.0 = Release|Any CPU
		{056FCE0E-B688-4F29-9BEF-FF4E3C16362D}.Release|x64.ActiveCfg = Release|Any CPU
		{056FCE0E-B688-4F29-9BEF-FF4E3C16362D}.Release|x64.Build.0 = Release|Any CPU
		{056FCE0E-B688-4F29-9BEF-FF4E3C16362D}.Release|x86.ActiveCfg = Release|Any CPU
		{056FCE0E-B688-4F29-9BEF-FF4E3C16362D}.Release|x86.Build.0 = Release|Any CPU
	EndGlobalSection
	GlobalSection(SolutionProperties) = preSolution
		HideSolutionNode = FALSE
	EndGlobalSection
	GlobalSection(ExtensibilityGlobals) = postSolution
		SolutionGuid = {EE822AD5-F338-4681-86F7-4BBBE9677086}
	EndGlobalSection
EndGlobal
